
Microsoft Visual Studio Solution File, Format Version 12.00
# Visual Studio Version 16
VisualStudioVersion = 16.0.30413.136
MinimumVisualStudioVersion = 10.0.40219.1
Project("{FAE04EC0-301F-11D3-BF4B-00C04F79EFBC}") = "KYB_brute_force_calc", "KYB_brute_force_calc\KYB_brute_force_calc.csproj", "{A3EC53EF-A429-4D66-9257-98A4EB90F09F}"
EndProject
Global
	GlobalSection(SolutionConfigurationPlatforms) = preSolution
		Debug|Any CPU = Debug|Any CPU
		Release|Any CPU = Release|Any CPU
	EndGlobalSection
	GlobalSection(ProjectConfigurationPlatforms) = postSolution
		{A3EC53EF-A429-4D66-9257-98A4EB90F09F}.Debug|Any CPU.ActiveCfg = Debug|Any CPU
		{A3EC53EF-A429-4D66-9257-98A4EB90F09F}.Debug|Any CPU.Build.0 = Debug|Any CPU
		{A3EC53EF-A429-4D66-9257-98A4EB90F09F}.Release|Any CPU.ActiveCfg = Release|Any CPU
		{A3EC53EF-A429-4D66-9257-98A4EB90F09F}.Release|Any CPU.Build.0 = Release|Any CPU
	EndGlobalSection
	GlobalSection(SolutionProperties) = preSolution
		HideSolutionNode = FALSE
	EndGlobalSection
	GlobalSection(ExtensibilityGlobals) = postSolution
		SolutionGuid = {CDE7CA58-8D89-4EF2-A8EC-0DF4308FA365}
	EndGlobalSection
EndGlobal
